// !$*UTF8*$!
{
	archiveVersion = 1;
	classes = {
	};
	objectVersion = 51;
	objects = {

/* Begin PBXBuildFile section */
		32082CBD27F527233F4BDDA0 /* Pods_DigitalOcean_serst.framework in Frameworks */ = {isa = PBXBuildFile; fileRef = 6DCF580EF0F9B9F53B4A3292 /* Pods_DigitalOcean_serst.framework */; };
		F23B5D8924EDA11100982F20 /* DropletInfoTableViewController.swift in Sources */ = {isa = PBXBuildFile; fileRef = F23B5D8824EDA11100982F20 /* DropletInfoTableViewController.swift */; };
		F267074624EC600600E6EAF4 /* ServerViewController.swift in Sources */ = {isa = PBXBuildFile; fileRef = F267074524EC600600E6EAF4 /* ServerViewController.swift */; };
		F2699E2D24F843C70002D4A6 /* CachedDroplet+CoreDataClass.swift 20-02-21-590.swift in Sources */ = {isa = PBXBuildFile; fileRef = F2699E2C24F843C70002D4A6 /* CachedDroplet+CoreDataClass.swift 20-02-21-590.swift */; };
		F275042624E87FAF0068EE61 /* ServerManager.swift in Sources */ = {isa = PBXBuildFile; fileRef = F275042524E87FAF0068EE61 /* ServerManager.swift */; };
		F275042824E880150068EE61 /* Droplets.swift in Sources */ = {isa = PBXBuildFile; fileRef = F275042724E880150068EE61 /* Droplets.swift */; };
		F2A38A7C24FD7F280034B2C4 /* PrometheusManager.swift in Sources */ = {isa = PBXBuildFile; fileRef = F2A38A7B24FD7F280034B2C4 /* PrometheusManager.swift */; };
		F2A38A7E24FD7F7B0034B2C4 /* PrometheusManagerDelegate.swift in Sources */ = {isa = PBXBuildFile; fileRef = F2A38A7D24FD7F7B0034B2C4 /* PrometheusManagerDelegate.swift */; };
		F2A38A8024FD81F10034B2C4 /* PrometheusResponse.swift in Sources */ = {isa = PBXBuildFile; fileRef = F2A38A7F24FD81F10034B2C4 /* PrometheusResponse.swift */; };
		F2AE946124E5CD54005A4788 /* AccountManager.swift in Sources */ = {isa = PBXBuildFile; fileRef = F2AE946024E5CD54005A4788 /* AccountManager.swift */; };
		F2AE946324E5D951005A4788 /* K.swift in Sources */ = {isa = PBXBuildFile; fileRef = F2AE946224E5D951005A4788 /* K.swift */; };
		F2B299DC24E5BE5D0094CC1B /* AppDelegate.swift in Sources */ = {isa = PBXBuildFile; fileRef = F2B299DB24E5BE5D0094CC1B /* AppDelegate.swift */; };
		F2B299DE24E5BE5D0094CC1B /* SceneDelegate.swift in Sources */ = {isa = PBXBuildFile; fileRef = F2B299DD24E5BE5D0094CC1B /* SceneDelegate.swift */; };
		F2B299E324E5BE5D0094CC1B /* Main.storyboard in Resources */ = {isa = PBXBuildFile; fileRef = F2B299E124E5BE5D0094CC1B /* Main.storyboard */; };
		F2B299E624E5BE5D0094CC1B /* DigitalOcean_serst.xcdatamodeld in Sources */ = {isa = PBXBuildFile; fileRef = F2B299E424E5BE5D0094CC1B /* DigitalOcean_serst.xcdatamodeld */; };
		F2B299E824E5BE5D0094CC1B /* Assets.xcassets in Resources */ = {isa = PBXBuildFile; fileRef = F2B299E724E5BE5D0094CC1B /* Assets.xcassets */; };
		F2B299EB24E5BE5D0094CC1B /* LaunchScreen.storyboard in Resources */ = {isa = PBXBuildFile; fileRef = F2B299E924E5BE5D0094CC1B /* LaunchScreen.storyboard */; };
		F2B29A0124E5C1290094CC1B /* Account+CoreDataClass.swift in Sources */ = {isa = PBXBuildFile; fileRef = F2B299FF24E5C1290094CC1B /* Account+CoreDataClass.swift */; };
		F2B29A0424E5C5460094CC1B /* AccountsViewController.swift in Sources */ = {isa = PBXBuildFile; fileRef = F2B29A0324E5C5460094CC1B /* AccountsViewController.swift */; };
		F2D62F2C24EB04710045CE45 /* DropletTableViewCell.swift in Sources */ = {isa = PBXBuildFile; fileRef = F2D62F2A24EB04710045CE45 /* DropletTableViewCell.swift */; };
		F2D62F2D24EB04710045CE45 /* DropletTableViewCell.xib in Resources */ = {isa = PBXBuildFile; fileRef = F2D62F2B24EB04710045CE45 /* DropletTableViewCell.xib */; };
		F2DF9D4A24E5E232006FC879 /* ServersViewController.swift in Sources */ = {isa = PBXBuildFile; fileRef = F2DF9D4924E5E232006FC879 /* ServersViewController.swift */; };
		F2E2B33624E9C57400C00A79 /* ServerManagerDelegate.swift in Sources */ = {isa = PBXBuildFile; fileRef = F2E2B33524E9C57400C00A79 /* ServerManagerDelegate.swift */; };
/* End PBXBuildFile section */

/* Begin PBXFileReference section */
		6DCF580EF0F9B9F53B4A3292 /* Pods_DigitalOcean_serst.framework */ = {isa = PBXFileReference; explicitFileType = wrapper.framework; includeInIndex = 0; path = Pods_DigitalOcean_serst.framework; sourceTree = BUILT_PRODUCTS_DIR; };
		8024B5C042C7A20D5733DA17 /* Pods-DigitalOcean-serst.release.xcconfig */ = {isa = PBXFileReference; includeInIndex = 1; lastKnownFileType = text.xcconfig; name = "Pods-DigitalOcean-serst.release.xcconfig"; path = "Target Support Files/Pods-DigitalOcean-serst/Pods-DigitalOcean-serst.release.xcconfig"; sourceTree = "<group>"; };
		8B0D0DF99F1E44B068D31CBF /* Pods-DigitalOcean-serst.debug.xcconfig */ = {isa = PBXFileReference; includeInIndex = 1; lastKnownFileType = text.xcconfig; name = "Pods-DigitalOcean-serst.debug.xcconfig"; path = "Target Support Files/Pods-DigitalOcean-serst/Pods-DigitalOcean-serst.debug.xcconfig"; sourceTree = "<group>"; };
		F23B5D8824EDA11100982F20 /* DropletInfoTableViewController.swift */ = {isa = PBXFileReference; lastKnownFileType = sourcecode.swift; path = DropletInfoTableViewController.swift; sourceTree = "<group>"; };
		F23D928F24F18BC900CA31E7 /* DigitalOcean_serst v2.xcdatamodel */ = {isa = PBXFileReference; lastKnownFileType = wrapper.xcdatamodel; path = "DigitalOcean_serst v2.xcdatamodel"; sourceTree = "<group>"; };
		F267074524EC600600E6EAF4 /* ServerViewController.swift */ = {isa = PBXFileReference; lastKnownFileType = sourcecode.swift; path = ServerViewController.swift; sourceTree = "<group>"; };
		F2699E2C24F843C70002D4A6 /* CachedDroplet+CoreDataClass.swift 20-02-21-590.swift */ = {isa = PBXFileReference; fileEncoding = 4; lastKnownFileType = sourcecode.swift; path = "CachedDroplet+CoreDataClass.swift 20-02-21-590.swift"; sourceTree = "<group>"; };
		F275042524E87FAF0068EE61 /* ServerManager.swift */ = {isa = PBXFileReference; lastKnownFileType = sourcecode.swift; path = ServerManager.swift; sourceTree = "<group>"; };
		F275042724E880150068EE61 /* Droplets.swift */ = {isa = PBXFileReference; lastKnownFileType = sourcecode.swift; path = Droplets.swift; sourceTree = "<group>"; };
		F2A38A7B24FD7F280034B2C4 /* PrometheusManager.swift */ = {isa = PBXFileReference; lastKnownFileType = sourcecode.swift; path = PrometheusManager.swift; sourceTree = "<group>"; };
		F2A38A7D24FD7F7B0034B2C4 /* PrometheusManagerDelegate.swift */ = {isa = PBXFileReference; lastKnownFileType = sourcecode.swift; path = PrometheusManagerDelegate.swift; sourceTree = "<group>"; };
		F2A38A7F24FD81F10034B2C4 /* PrometheusResponse.swift */ = {isa = PBXFileReference; lastKnownFileType = sourcecode.swift; path = PrometheusResponse.swift; sourceTree = "<group>"; };
		F2AE946024E5CD54005A4788 /* AccountManager.swift */ = {isa = PBXFileReference; lastKnownFileType = sourcecode.swift; path = AccountManager.swift; sourceTree = "<group>"; };
		F2AE946224E5D951005A4788 /* K.swift */ = {isa = PBXFileReference; lastKnownFileType = sourcecode.swift; path = K.swift; sourceTree = "<group>"; };
		F2B299D824E5BE5D0094CC1B /* DigitalOcean-serst.app */ = {isa = PBXFileReference; explicitFileType = wrapper.application; includeInIndex = 0; path = "DigitalOcean-serst.app"; sourceTree = BUILT_PRODUCTS_DIR; };
		F2B299DB24E5BE5D0094CC1B /* AppDelegate.swift */ = {isa = PBXFileReference; lastKnownFileType = sourcecode.swift; path = AppDelegate.swift; sourceTree = "<group>"; };
		F2B299DD24E5BE5D0094CC1B /* SceneDelegate.swift */ = {isa = PBXFileReference; lastKnownFileType = sourcecode.swift; path = SceneDelegate.swift; sourceTree = "<group>"; };
		F2B299E224E5BE5D0094CC1B /* Base */ = {isa = PBXFileReference; lastKnownFileType = file.storyboard; name = Base; path = Base.lproj/Main.storyboard; sourceTree = "<group>"; };
		F2B299E524E5BE5D0094CC1B /* DigitalOcean_serst.xcdatamodel */ = {isa = PBXFileReference; lastKnownFileType = wrapper.xcdatamodel; path = DigitalOcean_serst.xcdatamodel; sourceTree = "<group>"; };
		F2B299E724E5BE5D0094CC1B /* Assets.xcassets */ = {isa = PBXFileReference; lastKnownFileType = folder.assetcatalog; path = Assets.xcassets; sourceTree = "<group>"; };
		F2B299EA24E5BE5D0094CC1B /* Base */ = {isa = PBXFileReference; lastKnownFileType = file.storyboard; name = Base; path = Base.lproj/LaunchScreen.storyboard; sourceTree = "<group>"; };
		F2B299EC24E5BE5D0094CC1B /* Info.plist */ = {isa = PBXFileReference; lastKnownFileType = text.plist.xml; path = Info.plist; sourceTree = "<group>"; };
		F2B299FF24E5C1290094CC1B /* Account+CoreDataClass.swift */ = {isa = PBXFileReference; lastKnownFileType = sourcecode.swift; path = "Account+CoreDataClass.swift"; sourceTree = "<group>"; };
		F2B29A0324E5C5460094CC1B /* AccountsViewController.swift */ = {isa = PBXFileReference; lastKnownFileType = sourcecode.swift; path = AccountsViewController.swift; sourceTree = "<group>"; };
		F2D62F2A24EB04710045CE45 /* DropletTableViewCell.swift */ = {isa = PBXFileReference; lastKnownFileType = sourcecode.swift; path = DropletTableViewCell.swift; sourceTree = "<group>"; };
		F2D62F2B24EB04710045CE45 /* DropletTableViewCell.xib */ = {isa = PBXFileReference; lastKnownFileType = file.xib; path = DropletTableViewCell.xib; sourceTree = "<group>"; };
		F2DF9D4924E5E232006FC879 /* ServersViewController.swift */ = {isa = PBXFileReference; lastKnownFileType = sourcecode.swift; path = ServersViewController.swift; sourceTree = "<group>"; };
		F2E2B33524E9C57400C00A79 /* ServerManagerDelegate.swift */ = {isa = PBXFileReference; lastKnownFileType = sourcecode.swift; path = ServerManagerDelegate.swift; sourceTree = "<group>"; };
/* End PBXFileReference section */

/* Begin PBXFrameworksBuildPhase section */
		F2B299D524E5BE5D0094CC1B /* Frameworks */ = {
			isa = PBXFrameworksBuildPhase;
			buildActionMask = 2147483647;
			files = (
				32082CBD27F527233F4BDDA0 /* Pods_DigitalOcean_serst.framework in Frameworks */,
			);
			runOnlyForDeploymentPostprocessing = 0;
		};
/* End PBXFrameworksBuildPhase section */

/* Begin PBXGroup section */
		55E848DC34A07980627CD992 /* Frameworks */ = {
			isa = PBXGroup;
			children = (
				6DCF580EF0F9B9F53B4A3292 /* Pods_DigitalOcean_serst.framework */,
			);
			name = Frameworks;
			sourceTree = "<group>";
		};
		727A38B7411A6630E78387CE /* Pods */ = {
			isa = PBXGroup;
			children = (
				8B0D0DF99F1E44B068D31CBF /* Pods-DigitalOcean-serst.debug.xcconfig */,
				8024B5C042C7A20D5733DA17 /* Pods-DigitalOcean-serst.release.xcconfig */,
			);
			path = Pods;
			sourceTree = "<group>";
		};
		F23B5D8724EDA0F500982F20 /* EmbeddedControllers */ = {
			isa = PBXGroup;
			children = (
				F23B5D8824EDA11100982F20 /* DropletInfoTableViewController.swift */,
			);
			path = EmbeddedControllers;
			sourceTree = "<group>";
		};
		F2B299CF24E5BE5D0094CC1B = {
			isa = PBXGroup;
			children = (
				F2B299DA24E5BE5D0094CC1B /* DigitalOcean-serst */,
				F2B299D924E5BE5D0094CC1B /* Products */,
				727A38B7411A6630E78387CE /* Pods */,
				55E848DC34A07980627CD992 /* Frameworks */,
			);
			sourceTree = "<group>";
		};
		F2B299D924E5BE5D0094CC1B /* Products */ = {
			isa = PBXGroup;
			children = (
				F2B299D824E5BE5D0094CC1B /* DigitalOcean-serst.app */,
			);
			name = Products;
			sourceTree = "<group>";
		};
		F2B299DA24E5BE5D0094CC1B /* DigitalOcean-serst */ = {
			isa = PBXGroup;
			children = (
				F2B299F424E5BFBA0094CC1B /* Controller */,
				F2B299F324E5BFB50094CC1B /* View */,
				F2B299F224E5BFA80094CC1B /* Model */,
				F2B299DB24E5BE5D0094CC1B /* AppDelegate.swift */,
				F2B299DD24E5BE5D0094CC1B /* SceneDelegate.swift */,
				F2B299E724E5BE5D0094CC1B /* Assets.xcassets */,
				F2B299E924E5BE5D0094CC1B /* LaunchScreen.storyboard */,
				F2B299EC24E5BE5D0094CC1B /* Info.plist */,
			);
			path = "DigitalOcean-serst";
			sourceTree = "<group>";
		};
		F2B299F224E5BFA80094CC1B /* Model */ = {
			isa = PBXGroup;
			children = (
				F2E2B33724E9C9E000C00A79 /* ValueObjects */,
				F2E2B33424E9C56100C00A79 /* Protocols */,
				F2B299FE24E5C1160094CC1B /* Entities */,
				F2B299E424E5BE5D0094CC1B /* DigitalOcean_serst.xcdatamodeld */,
				F2AE946024E5CD54005A4788 /* AccountManager.swift */,
				F2AE946224E5D951005A4788 /* K.swift */,
				F275042524E87FAF0068EE61 /* ServerManager.swift */,
				F2A38A7B24FD7F280034B2C4 /* PrometheusManager.swift */,
			);
			path = Model;
			sourceTree = "<group>";
		};
		F2B299F324E5BFB50094CC1B /* View */ = {
			isa = PBXGroup;
			children = (
				F2B299E124E5BE5D0094CC1B /* Main.storyboard */,
				F2D62F2A24EB04710045CE45 /* DropletTableViewCell.swift */,
				F2D62F2B24EB04710045CE45 /* DropletTableViewCell.xib */,
			);
			path = View;
			sourceTree = "<group>";
		};
		F2B299F424E5BFBA0094CC1B /* Controller */ = {
			isa = PBXGroup;
			children = (
				F23B5D8724EDA0F500982F20 /* EmbeddedControllers */,
				F2B29A0324E5C5460094CC1B /* AccountsViewController.swift */,
				F2DF9D4924E5E232006FC879 /* ServersViewController.swift */,
				F267074524EC600600E6EAF4 /* ServerViewController.swift */,
			);
			path = Controller;
			sourceTree = "<group>";
		};
		F2B299FE24E5C1160094CC1B /* Entities */ = {
			isa = PBXGroup;
			children = (
				F2699E2C24F843C70002D4A6 /* CachedDroplet+CoreDataClass.swift 20-02-21-590.swift */,
				F2B299FF24E5C1290094CC1B /* Account+CoreDataClass.swift */,
			);
			path = Entities;
			sourceTree = "<group>";
		};
		F2E2B33424E9C56100C00A79 /* Protocols */ = {
			isa = PBXGroup;
			children = (
				F2E2B33524E9C57400C00A79 /* ServerManagerDelegate.swift */,
				F2A38A7D24FD7F7B0034B2C4 /* PrometheusManagerDelegate.swift */,
			);
			path = Protocols;
			sourceTree = "<group>";
		};
		F2E2B33724E9C9E000C00A79 /* ValueObjects */ = {
			isa = PBXGroup;
			children = (
				F275042724E880150068EE61 /* Droplets.swift */,
				F2A38A7F24FD81F10034B2C4 /* PrometheusResponse.swift */,
			);
			path = ValueObjects;
			sourceTree = "<group>";
		};
/* End PBXGroup section */

/* Begin PBXNativeTarget section */
		F2B299D724E5BE5D0094CC1B /* DigitalOcean-serst */ = {
			isa = PBXNativeTarget;
			buildConfigurationList = F2B299EF24E5BE5D0094CC1B /* Build configuration list for PBXNativeTarget "DigitalOcean-serst" */;
			buildPhases = (
				54F358C777AE1C9B0761C445 /* [CP] Check Pods Manifest.lock */,
				F2B299D424E5BE5D0094CC1B /* Sources */,
				F2B299D524E5BE5D0094CC1B /* Frameworks */,
				F2B299D624E5BE5D0094CC1B /* Resources */,
				78E4768BA6A17DB1A081FA66 /* [CP] Embed Pods Frameworks */,
			);
			buildRules = (
			);
			dependencies = (
			);
			name = "DigitalOcean-serst";
			productName = "DigitalOcean-serst";
			productReference = F2B299D824E5BE5D0094CC1B /* DigitalOcean-serst.app */;
			productType = "com.apple.product-type.application";
		};
/* End PBXNativeTarget section */

/* Begin PBXProject section */
		F2B299D024E5BE5D0094CC1B /* Project object */ = {
			isa = PBXProject;
			attributes = {
				LastSwiftUpdateCheck = 1160;
				LastUpgradeCheck = 1160;
				ORGANIZATIONNAME = "Tom Coldenhoff";
				TargetAttributes = {
					F2B299D724E5BE5D0094CC1B = {
						CreatedOnToolsVersion = 11.6;
					};
				};
			};
			buildConfigurationList = F2B299D324E5BE5D0094CC1B /* Build configuration list for PBXProject "DigitalOcean-serst" */;
			compatibilityVersion = "Xcode 9.3";
			developmentRegion = en;
			hasScannedForEncodings = 0;
			knownRegions = (
				en,
				Base,
			);
			mainGroup = F2B299CF24E5BE5D0094CC1B;
			productRefGroup = F2B299D924E5BE5D0094CC1B /* Products */;
			projectDirPath = "";
			projectRoot = "";
			targets = (
				F2B299D724E5BE5D0094CC1B /* DigitalOcean-serst */,
			);
		};
/* End PBXProject section */

/* Begin PBXResourcesBuildPhase section */
		F2B299D624E5BE5D0094CC1B /* Resources */ = {
			isa = PBXResourcesBuildPhase;
			buildActionMask = 2147483647;
			files = (
				F2B299EB24E5BE5D0094CC1B /* LaunchScreen.storyboard in Resources */,
				F2B299E824E5BE5D0094CC1B /* Assets.xcassets in Resources */,
				F2D62F2D24EB04710045CE45 /* DropletTableViewCell.xib in Resources */,
				F2B299E324E5BE5D0094CC1B /* Main.storyboard in Resources */,
			);
			runOnlyForDeploymentPostprocessing = 0;
		};
/* End PBXResourcesBuildPhase section */

/* Begin PBXShellScriptBuildPhase section */
		54F358C777AE1C9B0761C445 /* [CP] Check Pods Manifest.lock */ = {
			isa = PBXShellScriptBuildPhase;
			buildActionMask = 2147483647;
			files = (
			);
			inputFileListPaths = (
			);
			inputPaths = (
				"${PODS_PODFILE_DIR_PATH}/Podfile.lock",
				"${PODS_ROOT}/Manifest.lock",
			);
			name = "[CP] Check Pods Manifest.lock";
			outputFileListPaths = (
			);
			outputPaths = (
				"$(DERIVED_FILE_DIR)/Pods-DigitalOcean-serst-checkManifestLockResult.txt",
			);
			runOnlyForDeploymentPostprocessing = 0;
			shellPath = /bin/sh;
			shellScript = "diff \"${PODS_PODFILE_DIR_PATH}/Podfile.lock\" \"${PODS_ROOT}/Manifest.lock\" > /dev/null\nif [ $? != 0 ] ; then\n    # print error to STDERR\n    echo \"error: The sandbox is not in sync with the Podfile.lock. Run 'pod install' or update your CocoaPods installation.\" >&2\n    exit 1\nfi\n# This output is used by Xcode 'outputs' to avoid re-running this script phase.\necho \"SUCCESS\" > \"${SCRIPT_OUTPUT_FILE_0}\"\n";
			showEnvVarsInLog = 0;
		};
		78E4768BA6A17DB1A081FA66 /* [CP] Embed Pods Frameworks */ = {
			isa = PBXShellScriptBuildPhase;
			buildActionMask = 2147483647;
			files = (
			);
			inputFileListPaths = (
				"${PODS_ROOT}/Target Support Files/Pods-DigitalOcean-serst/Pods-DigitalOcean-serst-frameworks-${CONFIGURATION}-input-files.xcfilelist",
			);
			name = "[CP] Embed Pods Frameworks";
			outputFileListPaths = (
				"${PODS_ROOT}/Target Support Files/Pods-DigitalOcean-serst/Pods-DigitalOcean-serst-frameworks-${CONFIGURATION}-output-files.xcfilelist",
			);
			runOnlyForDeploymentPostprocessing = 0;
			shellPath = /bin/sh;
			shellScript = "\"${PODS_ROOT}/Target Support Files/Pods-DigitalOcean-serst/Pods-DigitalOcean-serst-frameworks.sh\"\n";
			showEnvVarsInLog = 0;
		};
/* End PBXShellScriptBuildPhase section */

/* Begin PBXSourcesBuildPhase section */
		F2B299D424E5BE5D0094CC1B /* Sources */ = {
			isa = PBXSourcesBuildPhase;
			buildActionMask = 2147483647;
			files = (
				F23B5D8924EDA11100982F20 /* DropletInfoTableViewController.swift in Sources */,
				F275042824E880150068EE61 /* Droplets.swift in Sources */,
				F2E2B33624E9C57400C00A79 /* ServerManagerDelegate.swift in Sources */,
				F2B29A0124E5C1290094CC1B /* Account+CoreDataClass.swift in Sources */,
				F2AE946324E5D951005A4788 /* K.swift in Sources */,
				F2B299DC24E5BE5D0094CC1B /* AppDelegate.swift in Sources */,
				F2A38A8024FD81F10034B2C4 /* PrometheusResponse.swift in Sources */,
				F2B29A0424E5C5460094CC1B /* AccountsViewController.swift in Sources */,
				F2B299DE24E5BE5D0094CC1B /* SceneDelegate.swift in Sources */,
				F2B299E624E5BE5D0094CC1B /* DigitalOcean_serst.xcdatamodeld in Sources */,
				F2A38A7C24FD7F280034B2C4 /* PrometheusManager.swift in Sources */,
				F2AE946124E5CD54005A4788 /* AccountManager.swift in Sources */,
				F275042624E87FAF0068EE61 /* ServerManager.swift in Sources */,
				F2D62F2C24EB04710045CE45 /* DropletTableViewCell.swift in Sources */,
				F2699E2D24F843C70002D4A6 /* CachedDroplet+CoreDataClass.swift 20-02-21-590.swift in Sources */,
				F267074624EC600600E6EAF4 /* ServerViewController.swift in Sources */,
				F2A38A7E24FD7F7B0034B2C4 /* PrometheusManagerDelegate.swift in Sources */,
				F2DF9D4A24E5E232006FC879 /* ServersViewController.swift in Sources */,
			);
			runOnlyForDeploymentPostprocessing = 0;
		};
/* End PBXSourcesBuildPhase section */

/* Begin PBXVariantGroup section */
		F2B299E124E5BE5D0094CC1B /* Main.storyboard */ = {
			isa = PBXVariantGroup;
			children = (
				F2B299E224E5BE5D0094CC1B /* Base */,
			);
			name = Main.storyboard;
			sourceTree = "<group>";
		};
		F2B299E924E5BE5D0094CC1B /* LaunchScreen.storyboard */ = {
			isa = PBXVariantGroup;
			children = (
				F2B299EA24E5BE5D0094CC1B /* Base */,
			);
			name = LaunchScreen.storyboard;
			sourceTree = "<group>";
		};
/* End PBXVariantGroup section */

/* Begin XCBuildConfiguration section */
		F2B299ED24E5BE5D0094CC1B /* Debug */ = {
			isa = XCBuildConfiguration;
			buildSettings = {
				ALWAYS_SEARCH_USER_PATHS = NO;
				CLANG_ANALYZER_NONNULL = YES;
				CLANG_ANALYZER_NUMBER_OBJECT_CONVERSION = YES_AGGRESSIVE;
				CLANG_CXX_LANGUAGE_STANDARD = "gnu++14";
				CLANG_CXX_LIBRARY = "libc++";
				CLANG_ENABLE_MODULES = YES;
				CLANG_ENABLE_OBJC_ARC = YES;
				CLANG_ENABLE_OBJC_WEAK = YES;
				CLANG_WARN_BLOCK_CAPTURE_AUTORELEASING = YES;
				CLANG_WARN_BOOL_CONVERSION = YES;
				CLANG_WARN_COMMA = YES;
				CLANG_WARN_CONSTANT_CONVERSION = YES;
				CLANG_WARN_DEPRECATED_OBJC_IMPLEMENTATIONS = YES;
				CLANG_WARN_DIRECT_OBJC_ISA_USAGE = YES_ERROR;
				CLANG_WARN_DOCUMENTATION_COMMENTS = YES;
				CLANG_WARN_EMPTY_BODY = YES;
				CLANG_WARN_ENUM_CONVERSION = YES;
				CLANG_WARN_INFINITE_RECURSION = YES;
				CLANG_WARN_INT_CONVERSION = YES;
				CLANG_WARN_NON_LITERAL_NULL_CONVERSION = YES;
				CLANG_WARN_OBJC_IMPLICIT_RETAIN_SELF = YES;
				CLANG_WARN_OBJC_LITERAL_CONVERSION = YES;
				CLANG_WARN_OBJC_ROOT_CLASS = YES_ERROR;
				CLANG_WARN_RANGE_LOOP_ANALYSIS = YES;
				CLANG_WARN_STRICT_PROTOTYPES = YES;
				CLANG_WARN_SUSPICIOUS_MOVE = YES;
				CLANG_WARN_UNGUARDED_AVAILABILITY = YES_AGGRESSIVE;
				CLANG_WARN_UNREACHABLE_CODE = YES;
				CLANG_WARN__DUPLICATE_METHOD_MATCH = YES;
				COPY_PHASE_STRIP = NO;
				DEBUG_INFORMATION_FORMAT = dwarf;
				ENABLE_STRICT_OBJC_MSGSEND = YES;
				ENABLE_TESTABILITY = YES;
				GCC_C_LANGUAGE_STANDARD = gnu11;
				GCC_DYNAMIC_NO_PIC = NO;
				GCC_NO_COMMON_BLOCKS = YES;
				GCC_OPTIMIZATION_LEVEL = 0;
				GCC_PREPROCESSOR_DEFINITIONS = (
					"DEBUG=1",
					"$(inherited)",
				);
				GCC_WARN_64_TO_32_BIT_CONVERSION = YES;
				GCC_WARN_ABOUT_RETURN_TYPE = YES_ERROR;
				GCC_WARN_UNDECLARED_SELECTOR = YES;
				GCC_WARN_UNINITIALIZED_AUTOS = YES_AGGRESSIVE;
				GCC_WARN_UNUSED_FUNCTION = YES;
				GCC_WARN_UNUSED_VARIABLE = YES;
				IPHONEOS_DEPLOYMENT_TARGET = 13.6;
				MTL_ENABLE_DEBUG_INFO = INCLUDE_SOURCE;
				MTL_FAST_MATH = YES;
				ONLY_ACTIVE_ARCH = YES;
				SDKROOT = iphoneos;
				SWIFT_ACTIVE_COMPILATION_CONDITIONS = DEBUG;
				SWIFT_OPTIMIZATION_LEVEL = "-Onone";
			};
			name = Debug;
		};
		F2B299EE24E5BE5D0094CC1B /* Release */ = {
			isa = XCBuildConfiguration;
			buildSettings = {
				ALWAYS_SEARCH_USER_PATHS = NO;
				CLANG_ANALYZER_NONNULL = YES;
				CLANG_ANALYZER_NUMBER_OBJECT_CONVERSION = YES_AGGRESSIVE;
				CLANG_CXX_LANGUAGE_STANDARD = "gnu++14";
				CLANG_CXX_LIBRARY = "libc++";
				CLANG_ENABLE_MODULES = YES;
				CLANG_ENABLE_OBJC_ARC = YES;
				CLANG_ENABLE_OBJC_WEAK = YES;
				CLANG_WARN_BLOCK_CAPTURE_AUTORELEASING = YES;
				CLANG_WARN_BOOL_CONVERSION = YES;
				CLANG_WARN_COMMA = YES;
				CLANG_WARN_CONSTANT_CONVERSION = YES;
				CLANG_WARN_DEPRECATED_OBJC_IMPLEMENTATIONS = YES;
				CLANG_WARN_DIRECT_OBJC_ISA_USAGE = YES_ERROR;
				CLANG_WARN_DOCUMENTATION_COMMENTS = YES;
				CLANG_WARN_EMPTY_BODY = YES;
				CLANG_WARN_ENUM_CONVERSION = YES;
				CLANG_WARN_INFINITE_RECURSION = YES;
				CLANG_WARN_INT_CONVERSION = YES;
				CLANG_WARN_NON_LITERAL_NULL_CONVERSION = YES;
				CLANG_WARN_OBJC_IMPLICIT_RETAIN_SELF = YES;
				CLANG_WARN_OBJC_LITERAL_CONVERSION = YES;
				CLANG_WARN_OBJC_ROOT_CLASS = YES_ERROR;
				CLANG_WARN_RANGE_LOOP_ANALYSIS = YES;
				CLANG_WARN_STRICT_PROTOTYPES = YES;
				CLANG_WARN_SUSPICIOUS_MOVE = YES;
				CLANG_WARN_UNGUARDED_AVAILABILITY = YES_AGGRESSIVE;
				CLANG_WARN_UNREACHABLE_CODE = YES;
				CLANG_WARN__DUPLICATE_METHOD_MATCH = YES;
				COPY_PHASE_STRIP = NO;
				DEBUG_INFORMATION_FORMAT = "dwarf-with-dsym";
				ENABLE_NS_ASSERTIONS = NO;
				ENABLE_STRICT_OBJC_MSGSEND = YES;
				GCC_C_LANGUAGE_STANDARD = gnu11;
				GCC_NO_COMMON_BLOCKS = YES;
				GCC_WARN_64_TO_32_BIT_CONVERSION = YES;
				GCC_WARN_ABOUT_RETURN_TYPE = YES_ERROR;
				GCC_WARN_UNDECLARED_SELECTOR = YES;
				GCC_WARN_UNINITIALIZED_AUTOS = YES_AGGRESSIVE;
				GCC_WARN_UNUSED_FUNCTION = YES;
				GCC_WARN_UNUSED_VARIABLE = YES;
				IPHONEOS_DEPLOYMENT_TARGET = 13.6;
				MTL_ENABLE_DEBUG_INFO = NO;
				MTL_FAST_MATH = YES;
				SDKROOT = iphoneos;
				SWIFT_COMPILATION_MODE = wholemodule;
				SWIFT_OPTIMIZATION_LEVEL = "-O";
				VALIDATE_PRODUCT = YES;
			};
			name = Release;
		};
		F2B299F024E5BE5D0094CC1B /* Debug */ = {
			isa = XCBuildConfiguration;
			baseConfigurationReference = 8B0D0DF99F1E44B068D31CBF /* Pods-DigitalOcean-serst.debug.xcconfig */;
			buildSettings = {
				ASSETCATALOG_COMPILER_APPICON_NAME = AppIcon;
				CODE_SIGN_STYLE = Automatic;
				DEVELOPMENT_TEAM = 8UMXLTCX7G;
				INFOPLIST_FILE = "DigitalOcean-serst/Info.plist";
				IPHONEOS_DEPLOYMENT_TARGET = 13.0;
				LD_RUNPATH_SEARCH_PATHS = (
					"$(inherited)",
					"@executable_path/Frameworks",
				);
				PRODUCT_BUNDLE_IDENTIFIER = "com.tomcoldenhoff.DigitalOcean-serst";
				PRODUCT_NAME = "$(TARGET_NAME)";
				SWIFT_VERSION = 5.0;
				TARGETED_DEVICE_FAMILY = "1,2";
			};
			name = Debug;
		};
		F2B299F124E5BE5D0094CC1B /* Release */ = {
			isa = XCBuildConfiguration;
			baseConfigurationReference = 8024B5C042C7A20D5733DA17 /* Pods-DigitalOcean-serst.release.xcconfig */;
			buildSettings = {
				ASSETCATALOG_COMPILER_APPICON_NAME = AppIcon;
				CODE_SIGN_STYLE = Automatic;
				DEVELOPMENT_TEAM = 8UMXLTCX7G;
				INFOPLIST_FILE = "DigitalOcean-serst/Info.plist";
				IPHONEOS_DEPLOYMENT_TARGET = 13.0;
				LD_RUNPATH_SEARCH_PATHS = (
					"$(inherited)",
					"@executable_path/Frameworks",
				);
				PRODUCT_BUNDLE_IDENTIFIER = "com.tomcoldenhoff.DigitalOcean-serst";
				PRODUCT_NAME = "$(TARGET_NAME)";
				SWIFT_VERSION = 5.0;
				TARGETED_DEVICE_FAMILY = "1,2";
			};
			name = Release;
		};
/* End XCBuildConfiguration section */

/* Begin XCConfigurationList section */
		F2B299D324E5BE5D0094CC1B /* Build configuration list for PBXProject "DigitalOcean-serst" */ = {
			isa = XCConfigurationList;
			buildConfigurations = (
				F2B299ED24E5BE5D0094CC1B /* Debug */,
				F2B299EE24E5BE5D0094CC1B /* Release */,
			);
			defaultConfigurationIsVisible = 0;
			defaultConfigurationName = Release;
		};
		F2B299EF24E5BE5D0094CC1B /* Build configuration list for PBXNativeTarget "DigitalOcean-serst" */ = {
			isa = XCConfigurationList;
			buildConfigurations = (
				F2B299F024E5BE5D0094CC1B /* Debug */,
				F2B299F124E5BE5D0094CC1B /* Release */,
			);
			defaultConfigurationIsVisible = 0;
			defaultConfigurationName = Release;
		};
/* End XCConfigurationList section */

/* Begin XCVersionGroup section */
		F2B299E424E5BE5D0094CC1B /* DigitalOcean_serst.xcdatamodeld */ = {
			isa = XCVersionGroup;
			children = (
				F23D928F24F18BC900CA31E7 /* DigitalOcean_serst v2.xcdatamodel */,
				F2B299E524E5BE5D0094CC1B /* DigitalOcean_serst.xcdatamodel */,
			);
			currentVersion = F23D928F24F18BC900CA31E7 /* DigitalOcean_serst v2.xcdatamodel */;
			path = DigitalOcean_serst.xcdatamodeld;
			sourceTree = "<group>";
			versionGroupType = wrapper.xcdatamodel;
		};
/* End XCVersionGroup section */
	};
	rootObject = F2B299D024E5BE5D0094CC1B /* Project object */;
}
